
Microsoft Visual Studio Solution File, Format Version 12.00
# Visual Studio Version 16
VisualStudioVersion = 16.0.33130.400
MinimumVisualStudioVersion = 10.0.40219.1
Project("{8BC9CEB8-8B4A-11D0-8D11-00A0C91BC942}") = "PCB_measurement", "PCB_measurement\PCB_measurement.vcxproj", "{6AA00709-CE45-42C2-8F3E-CBB75F4CFA39}"
EndProject
Global
	GlobalSection(SolutionConfigurationPlatforms) = preSolution
		Debug|x64 = Debug|x64
		Debug|x86 = Debug|x86
		Release|x64 = Release|x64
		Release|x86 = Release|x86
	EndGlobalSection
	GlobalSection(ProjectConfigurationPlatforms) = postSolution
		{6AA00709-CE45-42C2-8F3E-CBB75F4CFA39}.Debug|x64.ActiveCfg = Debug|x64
		{6AA00709-CE45-42C2-8F3E-CBB75F4CFA39}.Debug|x64.Build.0 = Debug|x64
		{6AA00709-CE45-42C2-8F3E-CBB75F4CFA39}.Debug|x86.ActiveCfg = Debug|Win32
		{6AA00709-CE45-42C2-8F3E-CBB75F4CFA39}.Debug|x86.Build.0 = Debug|Win32
		{6AA00709-CE45-42C2-8F3E-CBB75F4CFA39}.Release|x64.ActiveCfg = Release|x64
		{6AA00709-CE45-42C2-8F3E-CBB75F4CFA39}.Release|x64.Build.0 = Release|x64
		{6AA00709-CE45-42C2-8F3E-CBB75F4CFA39}.Release|x86.ActiveCfg = Release|Win32
		{6AA00709-CE45-42C2-8F3E-CBB75F4CFA39}.Release|x86.Build.0 = Release|Win32
	EndGlobalSection
	GlobalSection(SolutionProperties) = preSolution
		HideSolutionNode = FALSE
	EndGlobalSection
	GlobalSection(ExtensibilityGlobals) = postSolution
		SolutionGuid = {4B4F0BBF-6962-4518-9BA4-FE5C51014343}
	EndGlobalSection
EndGlobal
